
Microsoft Visual Studio Solution File, Format Version 12.00
# Visual Studio 15
VisualStudioVersion = 15.0.28307.168
MinimumVisualStudioVersion = 10.0.40219.1
Project("{9A19103F-16F7-4668-BE54-9A1E7A4F7556}") = "AnalizToCrmClientInfoConsumer", "AnalizToCrmClientInfoConsumer\AnalizToCrmClientInfoConsumer.csproj", "{15BA5F80-2685-43EB-A3E7-E5417BFB3B91}"
EndProject
Project("{9A19103F-16F7-4668-BE54-9A1E7A4F7556}") = "CrmToAnalizClientInfoProducer", "CrmToAnalizClientInfoProducer\CrmToAnalizClientInfoProducer.csproj", "{E9F460E4-46CD-41B9-9B92-409108ECD4C9}"
EndProject
Project("{9A19103F-16F7-4668-BE54-9A1E7A4F7556}") = "CrmToAnalizClientInfoConsumer", "CrmToAnalizClientInfoConsumer\CrmToAnalizClientInfoConsumer.csproj", "{3F371881-02DE-42EF-82DE-5222506B07A7}"
EndProject
Project("{9A19103F-16F7-4668-BE54-9A1E7A4F7556}") = "AnalizToCrmCardsConsumer", "AnalizToCrmCardsConsumer\AnalizToCrmCardsConsumer.csproj", "{B80DD8CD-9077-4B87-B1F1-F57BBEB4598C}"
EndProject
Project("{9A19103F-16F7-4668-BE54-9A1E7A4F7556}") = "CrmToAnalizCardsProducer", "CrmToAnalizCardsProducer\CrmToAnalizCardsProducer.csproj", "{4D25AB75-9148-46CF-903B-291E7F0A4021}"
EndProject
Global
	GlobalSection(SolutionConfigurationPlatforms) = preSolution
		Debug|Any CPU = Debug|Any CPU
		Release|Any CPU = Release|Any CPU
	EndGlobalSection
	GlobalSection(ProjectConfigurationPlatforms) = postSolution
		{15BA5F80-2685-43EB-A3E7-E5417BFB3B91}.Debug|Any CPU.ActiveCfg = Debug|Any CPU
		{15BA5F80-2685-43EB-A3E7-E5417BFB3B91}.Debug|Any CPU.Build.0 = Debug|Any CPU
		{15BA5F80-2685-43EB-A3E7-E5417BFB3B91}.Release|Any CPU.ActiveCfg = Release|Any CPU
		{15BA5F80-2685-43EB-A3E7-E5417BFB3B91}.Release|Any CPU.Build.0 = Release|Any CPU
		{E9F460E4-46CD-41B9-9B92-409108ECD4C9}.Debug|Any CPU.ActiveCfg = Debug|Any CPU
		{E9F460E4-46CD-41B9-9B92-409108ECD4C9}.Debug|Any CPU.Build.0 = Debug|Any CPU
		{E9F460E4-46CD-41B9-9B92-409108ECD4C9}.Release|Any CPU.ActiveCfg = Release|Any CPU
		{E9F460E4-46CD-41B9-9B92-409108ECD4C9}.Release|Any CPU.Build.0 = Release|Any CPU
		{3F371881-02DE-42EF-82DE-5222506B07A7}.Debug|Any CPU.ActiveCfg = Debug|Any CPU
		{3F371881-02DE-42EF-82DE-5222506B07A7}.Debug|Any CPU.Build.0 = Debug|Any CPU
		{3F371881-02DE-42EF-82DE-5222506B07A7}.Release|Any CPU.ActiveCfg = Release|Any CPU
		{3F371881-02DE-42EF-82DE-5222506B07A7}.Release|Any CPU.Build.0 = Release|Any CPU
		{B80DD8CD-9077-4B87-B1F1-F57BBEB4598C}.Debug|Any CPU.ActiveCfg = Debug|Any CPU
		{B80DD8CD-9077-4B87-B1F1-F57BBEB4598C}.Debug|Any CPU.Build.0 = Debug|Any CPU
		{B80DD8CD-9077-4B87-B1F1-F57BBEB4598C}.Release|Any CPU.ActiveCfg = Release|Any CPU
		{B80DD8CD-9077-4B87-B1F1-F57BBEB4598C}.Release|Any CPU.Build.0 = Release|Any CPU
		{4D25AB75-9148-46CF-903B-291E7F0A4021}.Debug|Any CPU.ActiveCfg = Debug|Any CPU
		{4D25AB75-9148-46CF-903B-291E7F0A4021}.Debug|Any CPU.Build.0 = Debug|Any CPU
		{4D25AB75-9148-46CF-903B-291E7F0A4021}.Release|Any CPU.ActiveCfg = Release|Any CPU
		{4D25AB75-9148-46CF-903B-291E7F0A4021}.Release|Any CPU.Build.0 = Release|Any CPU
	EndGlobalSection
	GlobalSection(SolutionProperties) = preSolution
		HideSolutionNode = FALSE
	EndGlobalSection
	GlobalSection(ExtensibilityGlobals) = postSolution
		SolutionGuid = {EC50679A-CAF3-4114-AC50-16A5D41C5AAA}
	EndGlobalSection
EndGlobal
